
Microsoft Visual Studio Solution File, Format Version 12.00
# Visual Studio Version 16
VisualStudioVersion = 16.0.31729.503
MinimumVisualStudioVersion = 10.0.40219.1
Project("{FAE04EC0-301F-11D3-BF4B-00C04F79EFBC}") = "PromosyonTakip.Core", "PromosyonTakip.Core\PromosyonTakip.Core.csproj", "{8AA23E19-E596-438F-8173-A0CD16CC228D}"
EndProject
Project("{FAE04EC0-301F-11D3-BF4B-00C04F79EFBC}") = "PromosyonTakip.UIMusteri", "PromosyonTakip.UIMusteri\PromosyonTakip.UIMusteri.csproj", "{C371F14F-B4FC-4757-B7F6-BC5F52E24857}"
EndProject
Global
	GlobalSection(SolutionConfigurationPlatforms) = preSolution
		Debug|Any CPU = Debug|Any CPU
		Release|Any CPU = Release|Any CPU
	EndGlobalSection
	GlobalSection(ProjectConfigurationPlatforms) = postSolution
		{8AA23E19-E596-438F-8173-A0CD16CC228D}.Debug|Any CPU.ActiveCfg = Debug|Any CPU
		{8AA23E19-E596-438F-8173-A0CD16CC228D}.Debug|Any CPU.Build.0 = Debug|Any CPU
		{8AA23E19-E596-438F-8173-A0CD16CC228D}.Release|Any CPU.ActiveCfg = Release|Any CPU
		{8AA23E19-E596-438F-8173-A0CD16CC228D}.Release|Any CPU.Build.0 = Release|Any CPU
		{C371F14F-B4FC-4757-B7F6-BC5F52E24857}.Debug|Any CPU.ActiveCfg = Debug|Any CPU
		{C371F14F-B4FC-4757-B7F6-BC5F52E24857}.Debug|Any CPU.Build.0 = Debug|Any CPU
		{C371F14F-B4FC-4757-B7F6-BC5F52E24857}.Release|Any CPU.ActiveCfg = Release|Any CPU
		{C371F14F-B4FC-4757-B7F6-BC5F52E24857}.Release|Any CPU.Build.0 = Release|Any CPU
	EndGlobalSection
	GlobalSection(SolutionProperties) = preSolution
		HideSolutionNode = FALSE
	EndGlobalSection
	GlobalSection(ExtensibilityGlobals) = postSolution
		SolutionGuid = {DF33B265-7C91-4E65-8A79-DBFC1DC74FC6}
	EndGlobalSection
EndGlobal
